
Microsoft Visual Studio Solution File, Format Version 12.00
# Visual Studio Version 17
VisualStudioVersion = 17.4.33122.133
MinimumVisualStudioVersion = 10.0.40219.1
Project("{FAE04EC0-301F-11D3-BF4B-00C04F79EFBC}") = "RecipAppMVC", "RecipAppMVC\RecipAppMVC.csproj", "{F5FE42B3-799B-4B7D-B1D1-37A813132CDC}"
EndProject
Global
	GlobalSection(SolutionConfigurationPlatforms) = preSolution
		Debug|Any CPU = Debug|Any CPU
		Release|Any CPU = Release|Any CPU
	EndGlobalSection
	GlobalSection(ProjectConfigurationPlatforms) = postSolution
		{F5FE42B3-799B-4B7D-B1D1-37A813132CDC}.Debug|Any CPU.ActiveCfg = Debug|Any CPU
		{F5FE42B3-799B-4B7D-B1D1-37A813132CDC}.Debug|Any CPU.Build.0 = Debug|Any CPU
		{F5FE42B3-799B-4B7D-B1D1-37A813132CDC}.Release|Any CPU.ActiveCfg = Release|Any CPU
		{F5FE42B3-799B-4B7D-B1D1-37A813132CDC}.Release|Any CPU.Build.0 = Release|Any CPU
	EndGlobalSection
	GlobalSection(SolutionProperties) = preSolution
		HideSolutionNode = FALSE
	EndGlobalSection
	GlobalSection(ExtensibilityGlobals) = postSolution
		SolutionGuid = {CAB0A6A9-FD99-4F03-88F0-BFDD0EA6D206}
	EndGlobalSection
EndGlobal
